
Microsoft Visual Studio Solution File, Format Version 12.00
# Visual Studio Version 17
VisualStudioVersion = 17.10.35027.167
MinimumVisualStudioVersion = 10.0.40219.1
Project("{2150E333-8FDC-42A3-9474-1A3956D46DE8}") = "Mods", "Mods", "{3B38F874-C8F7-49F3-B115-1FD6D3A257C9}"
EndProject
Project("{2150E333-8FDC-42A3-9474-1A3956D46DE8}") = "1. Release", "1. Release", "{01B24A0E-1188-420D-9A92-933521ABAFD1}"
EndProject
Project("{2150E333-8FDC-42A3-9474-1A3956D46DE8}") = "2. In-progress", "2. In-progress", "{6F06D842-3210-4192-A6EF-671A090F1FA1}"
EndProject
Project("{2150E333-8FDC-42A3-9474-1A3956D46DE8}") = "Incomplete", "Incomplete", "{6FE1B89A-10CE-407A-9346-8928E6B389D5}"
EndProject
Project("{2150E333-8FDC-42A3-9474-1A3956D46DE8}") = "Other", "Other", "{39F8E4B5-942C-4307-94C6-6B5EB9960B74}"
EndProject
Project("{D954291E-2A0B-460D-934E-DC6B0785DB48}") = "RamuneLib", "RamuneLib\RamuneLib.shproj", "{ADAABE9B-D3EB-4544-A20F-32BD84CAE7AB}"
EndProject
Project("{2150E333-8FDC-42A3-9474-1A3956D46DE8}") = "Solution Items", "Solution Items", "{F96F3165-ACD0-431C-B059-4A65BF018BAC}"
	ProjectSection(SolutionItems) = preProject
		Directory.Build.props = Directory.Build.props
		nuget.config = nuget.config
	EndProjectSection
EndProject
Project("{FAE04EC0-301F-11D3-BF4B-00C04F79EFBC}") = "EnableAchievements", "EnableAchievements\EnableAchievements.csproj", "{B4E07352-2FE5-47FF-9653-84239DED03E4}"
EndProject
Project("{FAE04EC0-301F-11D3-BF4B-00C04F79EFBC}") = "EasyOutcrops", "EasyOutcrops\EasyOutcrops.csproj", "{CDEC663F-1C3C-47E0-8FCF-643C9D96CDFE}"
EndProject
Project("{FAE04EC0-301F-11D3-BF4B-00C04F79EFBC}") = "FindMyUpdates", "FindMyUpdates\FindMyUpdates.csproj", "{7DAA9076-4349-4B94-B61D-83F15EA9C8CB}"
EndProject
Project("{FAE04EC0-301F-11D3-BF4B-00C04F79EFBC}") = "DisableTelemetry", "DisableTelemetry\DisableTelemetry.csproj", "{DCFA0940-AE31-48AD-AC52-DA856E0675F3}"
EndProject
Project("{FAE04EC0-301F-11D3-BF4B-00C04F79EFBC}") = "BZEnameledGlass", "BZEnameledGlass\BZEnameledGlass.csproj", "{D4F8F196-4FEC-4E02-9CCA-65148F4BA7C5}"
EndProject
Project("{FAE04EC0-301F-11D3-BF4B-00C04F79EFBC}") = "BZTitaniumIngot", "BZTitaniumIngot\BZTitaniumIngot.csproj", "{CDDBC2AB-BD34-49F6-AAA5-C7A752036119}"
EndProject
Project("{FAE04EC0-301F-11D3-BF4B-00C04F79EFBC}") = "HideMaskInPDA", "HideMaskInPDA\HideMaskInPDA.csproj", "{EF6ADD11-6838-474D-B5E7-45C4037E1863}"
EndProject
Project("{FAE04EC0-301F-11D3-BF4B-00C04F79EFBC}") = "KeepMyDamnSeaglideLightOffWhenSwitchingBattery", "KeepMyDamnSeaglideLightOffWhenSwitchingBattery\KeepMyDamnSeaglideLightOffWhenSwitchingBattery.csproj", "{8D299554-DF4A-4DC7-8536-6B896B055ABD}"
EndProject
Project("{FAE04EC0-301F-11D3-BF4B-00C04F79EFBC}") = "NoEpilepsyWarning", "NoEpilepsyWarning\NoEpilepsyWarning.csproj", "{C89DB7C5-161A-4096-A0FC-FB28A740CCB1}"
EndProject
Project("{FAE04EC0-301F-11D3-BF4B-00C04F79EFBC}") = "NoUnderwaterCaustics", "NoUnderwaterCaustics\NoUnderwaterCaustics.csproj", "{783AC8FB-3EFA-4A69-9845-CEDB58F8DA1A}"
EndProject
Project("{FAE04EC0-301F-11D3-BF4B-00C04F79EFBC}") = "StalkersDropTeethWhenTheyDie", "StalkersDropTeethWhenTheyDie\StalkersDropTeethWhenTheyDie.csproj", "{14E7DAD9-C158-406E-B7A9-01CECB537AE6}"
EndProject
Project("{FAE04EC0-301F-11D3-BF4B-00C04F79EFBC}") = "TableCoralMultiplier", "TableCoralMultiplier\TableCoralMultiplier.csproj", "{2640F59C-7A06-4F61-AF9F-CB6461C33B9A}"
EndProject
Project("{2150E333-8FDC-42A3-9474-1A3956D46DE8}") = "Pending", "Pending", "{02EA681E-C7D8-13C7-8484-4AC65E1B71E8}"
EndProject
Project("{2150E333-8FDC-42A3-9474-1A3956D46DE8}") = "Published", "Published", "{D4E1B515-7902-4136-A706-60F7A5BAC99D}"
EndProject
Project("{FAE04EC0-301F-11D3-BF4B-00C04F79EFBC}") = "FOVSlider", "FOVSlider\FOVSlider.csproj", "{B5F670CA-078F-4760-B7CA-A0466D3267CC}"
EndProject
Project("{FAE04EC0-301F-11D3-BF4B-00C04F79EFBC}") = "BuildableBrainCoral", "BuildableBrainCoral\BuildableBrainCoral.csproj", "{11DE5FC0-CE56-46BF-9BBA-E26AE9C7AFF3}"
EndProject
Project("{2150E333-8FDC-42A3-9474-1A3956D46DE8}") = "Beta", "Beta", "{47EE3E11-1987-481E-BEFD-67B813B1F401}"
EndProject
Project("{FAE04EC0-301F-11D3-BF4B-00C04F79EFBC}") = "DisableOptionsTabs", "DisableOptionsTabs\DisableOptionsTabs.csproj", "{119253B9-2B94-40CE-8F7D-86AE27C713E7}"
EndProject
Project("{FAE04EC0-301F-11D3-BF4B-00C04F79EFBC}") = "DisablePauseMenuButtons", "DisablePauseMenuButtons\DisablePauseMenuButtons.csproj", "{B419E668-5E74-40B1-BAEA-F2C3039FCE05}"
EndProject
Project("{FAE04EC0-301F-11D3-BF4B-00C04F79EFBC}") = "FasterScanning", "FasterScanning\FasterScanning.csproj", "{77A837D7-A7FD-45A4-9F92-19F05FCE82AA}"
EndProject
Project("{FAE04EC0-301F-11D3-BF4B-00C04F79EFBC}") = "InventorySpaceWarnings", "InventorySpaceWarnings\InventorySpaceWarnings.csproj", "{953FFB93-99A2-4184-866D-7268F625DC4E}"
EndProject
Global
	GlobalSection(SolutionConfigurationPlatforms) = preSolution
		Debug|Any CPU = Debug|Any CPU
		Release|Any CPU = Release|Any CPU
	EndGlobalSection
	GlobalSection(ProjectConfigurationPlatforms) = postSolution
		{B4E07352-2FE5-47FF-9653-84239DED03E4}.Debug|Any CPU.ActiveCfg = Debug|Any CPU
		{B4E07352-2FE5-47FF-9653-84239DED03E4}.Debug|Any CPU.Build.0 = Debug|Any CPU
		{B4E07352-2FE5-47FF-9653-84239DED03E4}.Release|Any CPU.ActiveCfg = Release|Any CPU
		{B4E07352-2FE5-47FF-9653-84239DED03E4}.Release|Any CPU.Build.0 = Release|Any CPU
		{CDEC663F-1C3C-47E0-8FCF-643C9D96CDFE}.Debug|Any CPU.ActiveCfg = Debug|Any CPU
		{CDEC663F-1C3C-47E0-8FCF-643C9D96CDFE}.Debug|Any CPU.Build.0 = Debug|Any CPU
		{CDEC663F-1C3C-47E0-8FCF-643C9D96CDFE}.Release|Any CPU.ActiveCfg = Release|Any CPU
		{CDEC663F-1C3C-47E0-8FCF-643C9D96CDFE}.Release|Any CPU.Build.0 = Release|Any CPU
		{7DAA9076-4349-4B94-B61D-83F15EA9C8CB}.Debug|Any CPU.ActiveCfg = Debug|Any CPU
		{7DAA9076-4349-4B94-B61D-83F15EA9C8CB}.Debug|Any CPU.Build.0 = Debug|Any CPU
		{7DAA9076-4349-4B94-B61D-83F15EA9C8CB}.Release|Any CPU.ActiveCfg = Release|Any CPU
		{7DAA9076-4349-4B94-B61D-83F15EA9C8CB}.Release|Any CPU.Build.0 = Release|Any CPU
		{DCFA0940-AE31-48AD-AC52-DA856E0675F3}.Debug|Any CPU.ActiveCfg = Debug|Any CPU
		{DCFA0940-AE31-48AD-AC52-DA856E0675F3}.Debug|Any CPU.Build.0 = Debug|Any CPU
		{DCFA0940-AE31-48AD-AC52-DA856E0675F3}.Release|Any CPU.ActiveCfg = Release|Any CPU
		{DCFA0940-AE31-48AD-AC52-DA856E0675F3}.Release|Any CPU.Build.0 = Release|Any CPU
		{D4F8F196-4FEC-4E02-9CCA-65148F4BA7C5}.Debug|Any CPU.ActiveCfg = Debug|Any CPU
		{D4F8F196-4FEC-4E02-9CCA-65148F4BA7C5}.Debug|Any CPU.Build.0 = Debug|Any CPU
		{D4F8F196-4FEC-4E02-9CCA-65148F4BA7C5}.Release|Any CPU.ActiveCfg = Release|Any CPU
		{D4F8F196-4FEC-4E02-9CCA-65148F4BA7C5}.Release|Any CPU.Build.0 = Release|Any CPU
		{CDDBC2AB-BD34-49F6-AAA5-C7A752036119}.Debug|Any CPU.ActiveCfg = Debug|Any CPU
		{CDDBC2AB-BD34-49F6-AAA5-C7A752036119}.Debug|Any CPU.Build.0 = Debug|Any CPU
		{CDDBC2AB-BD34-49F6-AAA5-C7A752036119}.Release|Any CPU.ActiveCfg = Release|Any CPU
		{CDDBC2AB-BD34-49F6-AAA5-C7A752036119}.Release|Any CPU.Build.0 = Release|Any CPU
		{EF6ADD11-6838-474D-B5E7-45C4037E1863}.Debug|Any CPU.ActiveCfg = Debug|Any CPU
		{EF6ADD11-6838-474D-B5E7-45C4037E1863}.Debug|Any CPU.Build.0 = Debug|Any CPU
		{EF6ADD11-6838-474D-B5E7-45C4037E1863}.Release|Any CPU.ActiveCfg = Release|Any CPU
		{EF6ADD11-6838-474D-B5E7-45C4037E1863}.Release|Any CPU.Build.0 = Release|Any CPU
		{8D299554-DF4A-4DC7-8536-6B896B055ABD}.Debug|Any CPU.ActiveCfg = Debug|Any CPU
		{8D299554-DF4A-4DC7-8536-6B896B055ABD}.Debug|Any CPU.Build.0 = Debug|Any CPU
		{8D299554-DF4A-4DC7-8536-6B896B055ABD}.Release|Any CPU.ActiveCfg = Release|Any CPU
		{8D299554-DF4A-4DC7-8536-6B896B055ABD}.Release|Any CPU.Build.0 = Release|Any CPU
		{C89DB7C5-161A-4096-A0FC-FB28A740CCB1}.Debug|Any CPU.ActiveCfg = Debug|Any CPU
		{C89DB7C5-161A-4096-A0FC-FB28A740CCB1}.Debug|Any CPU.Build.0 = Debug|Any CPU
		{C89DB7C5-161A-4096-A0FC-FB28A740CCB1}.Release|Any CPU.ActiveCfg = Release|Any CPU
		{C89DB7C5-161A-4096-A0FC-FB28A740CCB1}.Release|Any CPU.Build.0 = Release|Any CPU
		{783AC8FB-3EFA-4A69-9845-CEDB58F8DA1A}.Debug|Any CPU.ActiveCfg = Debug|Any CPU
		{783AC8FB-3EFA-4A69-9845-CEDB58F8DA1A}.Debug|Any CPU.Build.0 = Debug|Any CPU
		{783AC8FB-3EFA-4A69-9845-CEDB58F8DA1A}.Release|Any CPU.ActiveCfg = Release|Any CPU
		{783AC8FB-3EFA-4A69-9845-CEDB58F8DA1A}.Release|Any CPU.Build.0 = Release|Any CPU
		{14E7DAD9-C158-406E-B7A9-01CECB537AE6}.Debug|Any CPU.ActiveCfg = Debug|Any CPU
		{14E7DAD9-C158-406E-B7A9-01CECB537AE6}.Debug|Any CPU.Build.0 = Debug|Any CPU
		{14E7DAD9-C158-406E-B7A9-01CECB537AE6}.Release|Any CPU.ActiveCfg = Release|Any CPU
		{14E7DAD9-C158-406E-B7A9-01CECB537AE6}.Release|Any CPU.Build.0 = Release|Any CPU
		{2640F59C-7A06-4F61-AF9F-CB6461C33B9A}.Debug|Any CPU.ActiveCfg = Debug|Any CPU
		{2640F59C-7A06-4F61-AF9F-CB6461C33B9A}.Debug|Any CPU.Build.0 = Debug|Any CPU
		{2640F59C-7A06-4F61-AF9F-CB6461C33B9A}.Release|Any CPU.ActiveCfg = Release|Any CPU
		{2640F59C-7A06-4F61-AF9F-CB6461C33B9A}.Release|Any CPU.Build.0 = Release|Any CPU
		{B5F670CA-078F-4760-B7CA-A0466D3267CC}.Debug|Any CPU.ActiveCfg = Debug|Any CPU
		{B5F670CA-078F-4760-B7CA-A0466D3267CC}.Debug|Any CPU.Build.0 = Debug|Any CPU
		{B5F670CA-078F-4760-B7CA-A0466D3267CC}.Release|Any CPU.ActiveCfg = Release|Any CPU
		{B5F670CA-078F-4760-B7CA-A0466D3267CC}.Release|Any CPU.Build.0 = Release|Any CPU
		{11DE5FC0-CE56-46BF-9BBA-E26AE9C7AFF3}.Debug|Any CPU.ActiveCfg = Debug|Any CPU
		{11DE5FC0-CE56-46BF-9BBA-E26AE9C7AFF3}.Debug|Any CPU.Build.0 = Debug|Any CPU
		{11DE5FC0-CE56-46BF-9BBA-E26AE9C7AFF3}.Release|Any CPU.ActiveCfg = Release|Any CPU
		{11DE5FC0-CE56-46BF-9BBA-E26AE9C7AFF3}.Release|Any CPU.Build.0 = Release|Any CPU
		{119253B9-2B94-40CE-8F7D-86AE27C713E7}.Debug|Any CPU.ActiveCfg = Debug|Any CPU
		{119253B9-2B94-40CE-8F7D-86AE27C713E7}.Debug|Any CPU.Build.0 = Debug|Any CPU
		{119253B9-2B94-40CE-8F7D-86AE27C713E7}.Release|Any CPU.ActiveCfg = Release|Any CPU
		{119253B9-2B94-40CE-8F7D-86AE27C713E7}.Release|Any CPU.Build.0 = Release|Any CPU
		{B419E668-5E74-40B1-BAEA-F2C3039FCE05}.Debug|Any CPU.ActiveCfg = Debug|Any CPU
		{B419E668-5E74-40B1-BAEA-F2C3039FCE05}.Debug|Any CPU.Build.0 = Debug|Any CPU
		{B419E668-5E74-40B1-BAEA-F2C3039FCE05}.Release|Any CPU.ActiveCfg = Release|Any CPU
		{B419E668-5E74-40B1-BAEA-F2C3039FCE05}.Release|Any CPU.Build.0 = Release|Any CPU
		{77A837D7-A7FD-45A4-9F92-19F05FCE82AA}.Debug|Any CPU.ActiveCfg = Debug|Any CPU
		{77A837D7-A7FD-45A4-9F92-19F05FCE82AA}.Debug|Any CPU.Build.0 = Debug|Any CPU
		{77A837D7-A7FD-45A4-9F92-19F05FCE82AA}.Release|Any CPU.ActiveCfg = Release|Any CPU
		{77A837D7-A7FD-45A4-9F92-19F05FCE82AA}.Release|Any CPU.Build.0 = Release|Any CPU
		{953FFB93-99A2-4184-866D-7268F625DC4E}.Debug|Any CPU.ActiveCfg = Debug|Any CPU
		{953FFB93-99A2-4184-866D-7268F625DC4E}.Debug|Any CPU.Build.0 = Debug|Any CPU
		{953FFB93-99A2-4184-866D-7268F625DC4E}.Release|Any CPU.ActiveCfg = Release|Any CPU
		{953FFB93-99A2-4184-866D-7268F625DC4E}.Release|Any CPU.Build.0 = Release|Any CPU
	EndGlobalSection
	GlobalSection(SolutionProperties) = preSolution
		HideSolutionNode = FALSE
	EndGlobalSection
	GlobalSection(NestedProjects) = preSolution
		{01B24A0E-1188-420D-9A92-933521ABAFD1} = {3B38F874-C8F7-49F3-B115-1FD6D3A257C9}
		{6F06D842-3210-4192-A6EF-671A090F1FA1} = {3B38F874-C8F7-49F3-B115-1FD6D3A257C9}
		{6FE1B89A-10CE-407A-9346-8928E6B389D5} = {6F06D842-3210-4192-A6EF-671A090F1FA1}
		{ADAABE9B-D3EB-4544-A20F-32BD84CAE7AB} = {39F8E4B5-942C-4307-94C6-6B5EB9960B74}
		{B4E07352-2FE5-47FF-9653-84239DED03E4} = {D4E1B515-7902-4136-A706-60F7A5BAC99D}
		{CDEC663F-1C3C-47E0-8FCF-643C9D96CDFE} = {6FE1B89A-10CE-407A-9346-8928E6B389D5}
		{7DAA9076-4349-4B94-B61D-83F15EA9C8CB} = {D4E1B515-7902-4136-A706-60F7A5BAC99D}
		{DCFA0940-AE31-48AD-AC52-DA856E0675F3} = {02EA681E-C7D8-13C7-8484-4AC65E1B71E8}
		{D4F8F196-4FEC-4E02-9CCA-65148F4BA7C5} = {D4E1B515-7902-4136-A706-60F7A5BAC99D}
		{CDDBC2AB-BD34-49F6-AAA5-C7A752036119} = {D4E1B515-7902-4136-A706-60F7A5BAC99D}
		{EF6ADD11-6838-474D-B5E7-45C4037E1863} = {D4E1B515-7902-4136-A706-60F7A5BAC99D}
		{8D299554-DF4A-4DC7-8536-6B896B055ABD} = {47EE3E11-1987-481E-BEFD-67B813B1F401}
		{C89DB7C5-161A-4096-A0FC-FB28A740CCB1} = {D4E1B515-7902-4136-A706-60F7A5BAC99D}
		{783AC8FB-3EFA-4A69-9845-CEDB58F8DA1A} = {D4E1B515-7902-4136-A706-60F7A5BAC99D}
		{14E7DAD9-C158-406E-B7A9-01CECB537AE6} = {D4E1B515-7902-4136-A706-60F7A5BAC99D}
		{2640F59C-7A06-4F61-AF9F-CB6461C33B9A} = {D4E1B515-7902-4136-A706-60F7A5BAC99D}
		{02EA681E-C7D8-13C7-8484-4AC65E1B71E8} = {01B24A0E-1188-420D-9A92-933521ABAFD1}
		{D4E1B515-7902-4136-A706-60F7A5BAC99D} = {01B24A0E-1188-420D-9A92-933521ABAFD1}
		{B5F670CA-078F-4760-B7CA-A0466D3267CC} = {D4E1B515-7902-4136-A706-60F7A5BAC99D}
		{11DE5FC0-CE56-46BF-9BBA-E26AE9C7AFF3} = {D4E1B515-7902-4136-A706-60F7A5BAC99D}
		{47EE3E11-1987-481E-BEFD-67B813B1F401} = {6F06D842-3210-4192-A6EF-671A090F1FA1}
		{119253B9-2B94-40CE-8F7D-86AE27C713E7} = {D4E1B515-7902-4136-A706-60F7A5BAC99D}
		{B419E668-5E74-40B1-BAEA-F2C3039FCE05} = {02EA681E-C7D8-13C7-8484-4AC65E1B71E8}
		{77A837D7-A7FD-45A4-9F92-19F05FCE82AA} = {D4E1B515-7902-4136-A706-60F7A5BAC99D}
		{953FFB93-99A2-4184-866D-7268F625DC4E} = {6FE1B89A-10CE-407A-9346-8928E6B389D5}
	EndGlobalSection
	GlobalSection(ExtensibilityGlobals) = postSolution
		SolutionGuid = {CDC6991E-5F9B-4A06-999B-262375729306}
	EndGlobalSection
	GlobalSection(SharedMSBuildProjectFiles) = preSolution
		RamuneLib\RamuneLib.projitems*{119253b9-2b94-40ce-8f7d-86ae27c713e7}*SharedItemsImports = 4
		RamuneLib\RamuneLib.projitems*{11de5fc0-ce56-46bf-9bba-e26ae9c7aff3}*SharedItemsImports = 4
		RamuneLib\RamuneLib.projitems*{14e7dad9-c158-406e-b7a9-01cecb537ae6}*SharedItemsImports = 4
		RamuneLib\RamuneLib.projitems*{2640f59c-7a06-4f61-af9f-cb6461c33b9a}*SharedItemsImports = 4
		RamuneLib\RamuneLib.projitems*{77a837d7-a7fd-45a4-9f92-19f05fce82aa}*SharedItemsImports = 4
		RamuneLib\RamuneLib.projitems*{783ac8fb-3efa-4a69-9845-cedb58f8da1a}*SharedItemsImports = 4
		RamuneLib\RamuneLib.projitems*{7daa9076-4349-4b94-b61d-83f15ea9c8cb}*SharedItemsImports = 4
		RamuneLib\RamuneLib.projitems*{8d299554-df4a-4dc7-8536-6b896b055abd}*SharedItemsImports = 4
		RamuneLib\RamuneLib.projitems*{953ffb93-99a2-4184-866d-7268f625dc4e}*SharedItemsImports = 4
		RamuneLib\RamuneLib.projitems*{adaabe9b-d3eb-4544-a20f-32bd84cae7ab}*SharedItemsImports = 13
		RamuneLib\RamuneLib.projitems*{b419e668-5e74-40b1-baea-f2c3039fce05}*SharedItemsImports = 4
		RamuneLib\RamuneLib.projitems*{b4e07352-2fe5-47ff-9653-84239ded03e4}*SharedItemsImports = 4
		RamuneLib\RamuneLib.projitems*{b5f670ca-078f-4760-b7ca-a0466d3267cc}*SharedItemsImports = 4
		RamuneLib\RamuneLib.projitems*{c89db7c5-161a-4096-a0fc-fb28a740ccb1}*SharedItemsImports = 4
		RamuneLib\RamuneLib.projitems*{cddbc2ab-bd34-49f6-aaa5-c7a752036119}*SharedItemsImports = 4
		RamuneLib\RamuneLib.projitems*{cdec663f-1c3c-47e0-8fcf-643c9d96cdfe}*SharedItemsImports = 4
		RamuneLib\RamuneLib.projitems*{d4f8f196-4fec-4e02-9cca-65148f4ba7c5}*SharedItemsImports = 4
		RamuneLib\RamuneLib.projitems*{dcfa0940-ae31-48ad-ac52-da856e0675f3}*SharedItemsImports = 4
		RamuneLib\RamuneLib.projitems*{ef6add11-6838-474d-b5e7-45c4037e1863}*SharedItemsImports = 4
	EndGlobalSection
EndGlobal
