
Microsoft Visual Studio Solution File, Format Version 12.00
# Visual Studio Version 17
VisualStudioVersion = 17.10.35027.167
MinimumVisualStudioVersion = 10.0.40219.1
Project("{2150E333-8FDC-42A3-9474-1A3956D46DE8}") = "Mods", "Mods", "{3B38F874-C8F7-49F3-B115-1FD6D3A257C9}"
EndProject
Project("{2150E333-8FDC-42A3-9474-1A3956D46DE8}") = "AP - Release", "AP - Release", "{01B24A0E-1188-420D-9A92-933521ABAFD1}"
EndProject
Project("{2150E333-8FDC-42A3-9474-1A3956D46DE8}") = "DV - Incomplete", "DV - Incomplete", "{6F06D842-3210-4192-A6EF-671A090F1FA1}"
EndProject
Project("{2150E333-8FDC-42A3-9474-1A3956D46DE8}") = "EX - Experimental", "EX - Experimental", "{6FE1B89A-10CE-407A-9346-8928E6B389D5}"
EndProject
Project("{2150E333-8FDC-42A3-9474-1A3956D46DE8}") = "Other", "Other", "{39F8E4B5-942C-4307-94C6-6B5EB9960B74}"
EndProject
Project("{D954291E-2A0B-460D-934E-DC6B0785DB48}") = "RamuneLib", "RamuneLib\RamuneLib.shproj", "{ADAABE9B-D3EB-4544-A20F-32BD84CAE7AB}"
EndProject
Project("{2150E333-8FDC-42A3-9474-1A3956D46DE8}") = "Solution Items", "Solution Items", "{F96F3165-ACD0-431C-B059-4A65BF018BAC}"
	ProjectSection(SolutionItems) = preProject
		Directory.Build.props = Directory.Build.props
		nuget.config = nuget.config
	EndProjectSection
EndProject
Project("{FAE04EC0-301F-11D3-BF4B-00C04F79EFBC}") = "EnableAchievements", "EnableAchievements\EnableAchievements.csproj", "{B4E07352-2FE5-47FF-9653-84239DED03E4}"
EndProject
Project("{FAE04EC0-301F-11D3-BF4B-00C04F79EFBC}") = "EasyOutcrops", "EasyOutcrops\EasyOutcrops.csproj", "{CDEC663F-1C3C-47E0-8FCF-643C9D96CDFE}"
EndProject
Project("{FAE04EC0-301F-11D3-BF4B-00C04F79EFBC}") = "FindMyUpdates", "FindMyUpdates\FindMyUpdates.csproj", "{7DAA9076-4349-4B94-B61D-83F15EA9C8CB}"
EndProject
Project("{FAE04EC0-301F-11D3-BF4B-00C04F79EFBC}") = "DisableTelemetry", "DisableTelemetry\DisableTelemetry.csproj", "{DCFA0940-AE31-48AD-AC52-DA856E0675F3}"
EndProject
Global
	GlobalSection(SolutionConfigurationPlatforms) = preSolution
		Debug|Any CPU = Debug|Any CPU
		Release|Any CPU = Release|Any CPU
	EndGlobalSection
	GlobalSection(ProjectConfigurationPlatforms) = postSolution
		{B4E07352-2FE5-47FF-9653-84239DED03E4}.Debug|Any CPU.ActiveCfg = Debug|Any CPU
		{B4E07352-2FE5-47FF-9653-84239DED03E4}.Debug|Any CPU.Build.0 = Debug|Any CPU
		{B4E07352-2FE5-47FF-9653-84239DED03E4}.Release|Any CPU.ActiveCfg = Release|Any CPU
		{B4E07352-2FE5-47FF-9653-84239DED03E4}.Release|Any CPU.Build.0 = Release|Any CPU
		{CDEC663F-1C3C-47E0-8FCF-643C9D96CDFE}.Debug|Any CPU.ActiveCfg = Debug|Any CPU
		{CDEC663F-1C3C-47E0-8FCF-643C9D96CDFE}.Debug|Any CPU.Build.0 = Debug|Any CPU
		{CDEC663F-1C3C-47E0-8FCF-643C9D96CDFE}.Release|Any CPU.ActiveCfg = Release|Any CPU
		{CDEC663F-1C3C-47E0-8FCF-643C9D96CDFE}.Release|Any CPU.Build.0 = Release|Any CPU
		{7DAA9076-4349-4B94-B61D-83F15EA9C8CB}.Debug|Any CPU.ActiveCfg = Debug|Any CPU
		{7DAA9076-4349-4B94-B61D-83F15EA9C8CB}.Debug|Any CPU.Build.0 = Debug|Any CPU
		{7DAA9076-4349-4B94-B61D-83F15EA9C8CB}.Release|Any CPU.ActiveCfg = Release|Any CPU
		{7DAA9076-4349-4B94-B61D-83F15EA9C8CB}.Release|Any CPU.Build.0 = Release|Any CPU
		{DCFA0940-AE31-48AD-AC52-DA856E0675F3}.Debug|Any CPU.ActiveCfg = Debug|Any CPU
		{DCFA0940-AE31-48AD-AC52-DA856E0675F3}.Debug|Any CPU.Build.0 = Debug|Any CPU
		{DCFA0940-AE31-48AD-AC52-DA856E0675F3}.Release|Any CPU.ActiveCfg = Release|Any CPU
		{DCFA0940-AE31-48AD-AC52-DA856E0675F3}.Release|Any CPU.Build.0 = Release|Any CPU
	EndGlobalSection
	GlobalSection(SolutionProperties) = preSolution
		HideSolutionNode = FALSE
	EndGlobalSection
	GlobalSection(NestedProjects) = preSolution
		{01B24A0E-1188-420D-9A92-933521ABAFD1} = {3B38F874-C8F7-49F3-B115-1FD6D3A257C9}
		{6F06D842-3210-4192-A6EF-671A090F1FA1} = {3B38F874-C8F7-49F3-B115-1FD6D3A257C9}
		{6FE1B89A-10CE-407A-9346-8928E6B389D5} = {3B38F874-C8F7-49F3-B115-1FD6D3A257C9}
		{ADAABE9B-D3EB-4544-A20F-32BD84CAE7AB} = {39F8E4B5-942C-4307-94C6-6B5EB9960B74}
		{B4E07352-2FE5-47FF-9653-84239DED03E4} = {01B24A0E-1188-420D-9A92-933521ABAFD1}
		{CDEC663F-1C3C-47E0-8FCF-643C9D96CDFE} = {6F06D842-3210-4192-A6EF-671A090F1FA1}
		{7DAA9076-4349-4B94-B61D-83F15EA9C8CB} = {01B24A0E-1188-420D-9A92-933521ABAFD1}
		{DCFA0940-AE31-48AD-AC52-DA856E0675F3} = {01B24A0E-1188-420D-9A92-933521ABAFD1}
	EndGlobalSection
	GlobalSection(ExtensibilityGlobals) = postSolution
		SolutionGuid = {CDC6991E-5F9B-4A06-999B-262375729306}
	EndGlobalSection
	GlobalSection(SharedMSBuildProjectFiles) = preSolution
		RamuneLib\RamuneLib.projitems*{adaabe9b-d3eb-4544-a20f-32bd84cae7ab}*SharedItemsImports = 13
		RamuneLib\RamuneLib.projitems*{b4e07352-2fe5-47ff-9653-84239ded03e4}*SharedItemsImports = 4
		RamuneLib\RamuneLib.projitems*{cdec663f-1c3c-47e0-8fcf-643c9d96cdfe}*SharedItemsImports = 4
		RamuneLib\RamuneLib.projitems*{dcfa0940-ae31-48ad-ac52-da856e0675f3}*SharedItemsImports = 4
	EndGlobalSection
EndGlobal
