
Microsoft Visual Studio Solution File, Format Version 12.00
# Visual Studio Version 17
VisualStudioVersion = 17.10.35027.167
MinimumVisualStudioVersion = 10.0.40219.1
Project("{2150E333-8FDC-42A3-9474-1A3956D46DE8}") = "Mods", "Mods", "{3B38F874-C8F7-49F3-B115-1FD6D3A257C9}"
EndProject
Project("{2150E333-8FDC-42A3-9474-1A3956D46DE8}") = "1. Release", "1. Release", "{01B24A0E-1188-420D-9A92-933521ABAFD1}"
EndProject
Project("{2150E333-8FDC-42A3-9474-1A3956D46DE8}") = "2. In-progress", "2. In-progress", "{6F06D842-3210-4192-A6EF-671A090F1FA1}"
EndProject
Project("{2150E333-8FDC-42A3-9474-1A3956D46DE8}") = "Incomplete", "Incomplete", "{6FE1B89A-10CE-407A-9346-8928E6B389D5}"
EndProject
Project("{2150E333-8FDC-42A3-9474-1A3956D46DE8}") = "Other", "Other", "{39F8E4B5-942C-4307-94C6-6B5EB9960B74}"
EndProject
Project("{D954291E-2A0B-460D-934E-DC6B0785DB48}") = "RamuneLib", "RamuneLib\RamuneLib.shproj", "{ADAABE9B-D3EB-4544-A20F-32BD84CAE7AB}"
EndProject
Project("{2150E333-8FDC-42A3-9474-1A3956D46DE8}") = "Solution Items", "Solution Items", "{F96F3165-ACD0-431C-B059-4A65BF018BAC}"
	ProjectSection(SolutionItems) = preProject
		Build.ps1 = Build.ps1
		Directory.Build.props = Directory.Build.props
		Directory.Build.targets = Directory.Build.targets
		nuget.config = nuget.config
		PiracyLocalization.json = PiracyLocalization.json
	EndProjectSection
EndProject
Project("{FAE04EC0-301F-11D3-BF4B-00C04F79EFBC}") = "EnableAchievements", "EnableAchievements\EnableAchievements.csproj", "{B4E07352-2FE5-47FF-9653-84239DED03E4}"
EndProject
Project("{FAE04EC0-301F-11D3-BF4B-00C04F79EFBC}") = "FindMyUpdates", "FindMyUpdates\FindMyUpdates.csproj", "{7DAA9076-4349-4B94-B61D-83F15EA9C8CB}"
EndProject
Project("{FAE04EC0-301F-11D3-BF4B-00C04F79EFBC}") = "DisableTelemetry", "DisableTelemetry\DisableTelemetry.csproj", "{DCFA0940-AE31-48AD-AC52-DA856E0675F3}"
EndProject
Project("{FAE04EC0-301F-11D3-BF4B-00C04F79EFBC}") = "BZEnameledGlass", "BZEnameledGlass\BZEnameledGlass.csproj", "{D4F8F196-4FEC-4E02-9CCA-65148F4BA7C5}"
EndProject
Project("{FAE04EC0-301F-11D3-BF4B-00C04F79EFBC}") = "BZTitaniumIngot", "BZTitaniumIngot\BZTitaniumIngot.csproj", "{CDDBC2AB-BD34-49F6-AAA5-C7A752036119}"
EndProject
Project("{FAE04EC0-301F-11D3-BF4B-00C04F79EFBC}") = "HideMaskInPDA", "HideMaskInPDA\HideMaskInPDA.csproj", "{EF6ADD11-6838-474D-B5E7-45C4037E1863}"
EndProject
Project("{FAE04EC0-301F-11D3-BF4B-00C04F79EFBC}") = "KeepMyDamnSeaglideLightOffWhenSwitchingBattery", "KeepMyDamnSeaglideLightOffWhenSwitchingBattery\KeepMyDamnSeaglideLightOffWhenSwitchingBattery.csproj", "{8D299554-DF4A-4DC7-8536-6B896B055ABD}"
EndProject
Project("{FAE04EC0-301F-11D3-BF4B-00C04F79EFBC}") = "NoEpilepsyWarning", "NoEpilepsyWarning\NoEpilepsyWarning.csproj", "{C89DB7C5-161A-4096-A0FC-FB28A740CCB1}"
EndProject
Project("{FAE04EC0-301F-11D3-BF4B-00C04F79EFBC}") = "NoUnderwaterCaustics", "NoUnderwaterCaustics\NoUnderwaterCaustics.csproj", "{783AC8FB-3EFA-4A69-9845-CEDB58F8DA1A}"
EndProject
Project("{FAE04EC0-301F-11D3-BF4B-00C04F79EFBC}") = "StalkersDropTeethWhenTheyDie", "StalkersDropTeethWhenTheyDie\StalkersDropTeethWhenTheyDie.csproj", "{14E7DAD9-C158-406E-B7A9-01CECB537AE6}"
EndProject
Project("{FAE04EC0-301F-11D3-BF4B-00C04F79EFBC}") = "TableCoralMultiplier", "TableCoralMultiplier\TableCoralMultiplier.csproj", "{2640F59C-7A06-4F61-AF9F-CB6461C33B9A}"
EndProject
Project("{2150E333-8FDC-42A3-9474-1A3956D46DE8}") = "Pending", "Pending", "{02EA681E-C7D8-13C7-8484-4AC65E1B71E8}"
EndProject
Project("{2150E333-8FDC-42A3-9474-1A3956D46DE8}") = "Published", "Published", "{D4E1B515-7902-4136-A706-60F7A5BAC99D}"
EndProject
Project("{FAE04EC0-301F-11D3-BF4B-00C04F79EFBC}") = "FOVSlider", "FOVSlider\FOVSlider.csproj", "{B5F670CA-078F-4760-B7CA-A0466D3267CC}"
EndProject
Project("{FAE04EC0-301F-11D3-BF4B-00C04F79EFBC}") = "BuildableBrainCoral", "BuildableBrainCoral\BuildableBrainCoral.csproj", "{11DE5FC0-CE56-46BF-9BBA-E26AE9C7AFF3}"
EndProject
Project("{2150E333-8FDC-42A3-9474-1A3956D46DE8}") = "Beta", "Beta", "{47EE3E11-1987-481E-BEFD-67B813B1F401}"
EndProject
Project("{FAE04EC0-301F-11D3-BF4B-00C04F79EFBC}") = "DisableOptionsTabs", "DisableOptionsTabs\DisableOptionsTabs.csproj", "{119253B9-2B94-40CE-8F7D-86AE27C713E7}"
EndProject
Project("{FAE04EC0-301F-11D3-BF4B-00C04F79EFBC}") = "FasterScanning", "FasterScanning\FasterScanning.csproj", "{77A837D7-A7FD-45A4-9F92-19F05FCE82AA}"
EndProject
Project("{FAE04EC0-301F-11D3-BF4B-00C04F79EFBC}") = "InventorySpaceWarnings", "InventorySpaceWarnings\InventorySpaceWarnings.csproj", "{953FFB93-99A2-4184-866D-7268F625DC4E}"
EndProject
Project("{FAE04EC0-301F-11D3-BF4B-00C04F79EFBC}") = "RamunesCustomizedStorage", "RamunesCustomizedStorage\RamunesCustomizedStorage.csproj", "{DC7EF115-F2AF-4351-9FFA-0350844CE503}"
EndProject
Project("{FAE04EC0-301F-11D3-BF4B-00C04F79EFBC}") = "VehicleStorageSolutions", "VehicleStorageSolutions\VehicleStorageSolutions.csproj", "{5C2B4B5C-E448-45CC-A35C-AD3D320899D1}"
EndProject
Project("{FAE04EC0-301F-11D3-BF4B-00C04F79EFBC}") = "RepairInMoonpool", "RepairInMoonpool\RepairInMoonpool.csproj", "{44B90AC9-D1DD-466B-8EA2-897C83666FF9}"
EndProject
Project("{FAE04EC0-301F-11D3-BF4B-00C04F79EFBC}") = "EquippableStorage", "EquippableStorage\EquippableStorage.csproj", "{FE597824-B1B9-40B2-9C43-22867694AC8A}"
EndProject
Project("{FAE04EC0-301F-11D3-BF4B-00C04F79EFBC}") = "ProgrammaticallyCompressed", "ProgrammaticallyCompressed\ProgrammaticallyCompressed.csproj", "{FC00F881-4B1F-4C8F-A4A1-3F65F4127C7A}"
EndProject
Project("{FAE04EC0-301F-11D3-BF4B-00C04F79EFBC}") = "FasterCrafting", "FasterCrafting\FasterCrafting.csproj", "{1F728D5E-8D07-48B5-8BF5-24578DF58EEB}"
EndProject
Project("{FAE04EC0-301F-11D3-BF4B-00C04F79EFBC}") = "FasterGrowing", "FasterGrowing\FasterGrowing.csproj", "{0D7803C5-C739-45E8-AFD0-EEDF931708BD}"
EndProject
Project("{FAE04EC0-301F-11D3-BF4B-00C04F79EFBC}") = "FasterBuilding", "FasterBuilding\FasterBuilding.csproj", "{71FD4103-216D-4B0D-9B09-4555773C8313}"
EndProject
Project("{FAE04EC0-301F-11D3-BF4B-00C04F79EFBC}") = "DecoFabricator", "DecoFabricator\DecoFabricator.csproj", "{174F06FF-A0CC-4580-BDD3-142A8E44C403}"
EndProject
Project("{FAE04EC0-301F-11D3-BF4B-00C04F79EFBC}") = "NoPassiveScannerRoomPowerDrain", "NoPassiveScannerRoomPowerDrain\NoPassiveScannerRoomPowerDrain.csproj", "{F7DECAC9-FD83-4C37-9E12-BB097301BA32}"
EndProject
Project("{FAE04EC0-301F-11D3-BF4B-00C04F79EFBC}") = "VolumeSlidersExtremeSupremeProMax", "VolumeSlidersExtremeSupemeProMax\VolumeSlidersExtremeSupremeProMax.csproj", "{E52EA5FB-798D-476B-8BDC-A6FFA68C5A5A}"
EndProject
Project("{2150E333-8FDC-42A3-9474-1A3956D46DE8}") = "Fixing", "Fixing", "{D2122D8A-5BD5-4D15-9937-C2293E39232D}"
EndProject
Project("{2150E333-8FDC-42A3-9474-1A3956D46DE8}") = "New", "New", "{1ECF493A-B339-4F6D-B706-150DF907C2FE}"
EndProject
Project("{FAE04EC0-301F-11D3-BF4B-00C04F79EFBC}") = "NoRadiationBlur", "NoRadiationBlur\NoRadiationBlur.csproj", "{96E46A3D-4FAA-4BB2-9457-F056DF66D1FA}"
EndProject
Project("{FAE04EC0-301F-11D3-BF4B-00C04F79EFBC}") = "EarlyIonBattery", "EarlyIonBattery\EarlyIonBattery.csproj", "{7D625EED-58A8-4A14-897E-C0854849800A}"
EndProject
Project("{FAE04EC0-301F-11D3-BF4B-00C04F79EFBC}") = "ConfigurableBaseLightingIntensity", "ConfigurableBaseLightingIntensity\ConfigurableBaseLightingIntensity.csproj", "{B70B4D7B-7C87-4029-84CD-235AE1D9F9AD}"
EndProject
Global
	GlobalSection(SolutionConfigurationPlatforms) = preSolution
		Debug|Any CPU = Debug|Any CPU
		Release|Any CPU = Release|Any CPU
	EndGlobalSection
	GlobalSection(ProjectConfigurationPlatforms) = postSolution
		{B4E07352-2FE5-47FF-9653-84239DED03E4}.Debug|Any CPU.ActiveCfg = Debug|Any CPU
		{B4E07352-2FE5-47FF-9653-84239DED03E4}.Debug|Any CPU.Build.0 = Debug|Any CPU
		{B4E07352-2FE5-47FF-9653-84239DED03E4}.Release|Any CPU.ActiveCfg = Release|Any CPU
		{B4E07352-2FE5-47FF-9653-84239DED03E4}.Release|Any CPU.Build.0 = Release|Any CPU
		{7DAA9076-4349-4B94-B61D-83F15EA9C8CB}.Debug|Any CPU.ActiveCfg = Debug|Any CPU
		{7DAA9076-4349-4B94-B61D-83F15EA9C8CB}.Debug|Any CPU.Build.0 = Debug|Any CPU
		{7DAA9076-4349-4B94-B61D-83F15EA9C8CB}.Release|Any CPU.ActiveCfg = Release|Any CPU
		{7DAA9076-4349-4B94-B61D-83F15EA9C8CB}.Release|Any CPU.Build.0 = Release|Any CPU
		{DCFA0940-AE31-48AD-AC52-DA856E0675F3}.Debug|Any CPU.ActiveCfg = Debug|Any CPU
		{DCFA0940-AE31-48AD-AC52-DA856E0675F3}.Debug|Any CPU.Build.0 = Debug|Any CPU
		{DCFA0940-AE31-48AD-AC52-DA856E0675F3}.Release|Any CPU.ActiveCfg = Release|Any CPU
		{DCFA0940-AE31-48AD-AC52-DA856E0675F3}.Release|Any CPU.Build.0 = Release|Any CPU
		{D4F8F196-4FEC-4E02-9CCA-65148F4BA7C5}.Debug|Any CPU.ActiveCfg = Debug|Any CPU
		{D4F8F196-4FEC-4E02-9CCA-65148F4BA7C5}.Debug|Any CPU.Build.0 = Debug|Any CPU
		{D4F8F196-4FEC-4E02-9CCA-65148F4BA7C5}.Release|Any CPU.ActiveCfg = Release|Any CPU
		{D4F8F196-4FEC-4E02-9CCA-65148F4BA7C5}.Release|Any CPU.Build.0 = Release|Any CPU
		{CDDBC2AB-BD34-49F6-AAA5-C7A752036119}.Debug|Any CPU.ActiveCfg = Debug|Any CPU
		{CDDBC2AB-BD34-49F6-AAA5-C7A752036119}.Debug|Any CPU.Build.0 = Debug|Any CPU
		{CDDBC2AB-BD34-49F6-AAA5-C7A752036119}.Release|Any CPU.ActiveCfg = Release|Any CPU
		{CDDBC2AB-BD34-49F6-AAA5-C7A752036119}.Release|Any CPU.Build.0 = Release|Any CPU
		{EF6ADD11-6838-474D-B5E7-45C4037E1863}.Debug|Any CPU.ActiveCfg = Debug|Any CPU
		{EF6ADD11-6838-474D-B5E7-45C4037E1863}.Debug|Any CPU.Build.0 = Debug|Any CPU
		{EF6ADD11-6838-474D-B5E7-45C4037E1863}.Release|Any CPU.ActiveCfg = Release|Any CPU
		{EF6ADD11-6838-474D-B5E7-45C4037E1863}.Release|Any CPU.Build.0 = Release|Any CPU
		{8D299554-DF4A-4DC7-8536-6B896B055ABD}.Debug|Any CPU.ActiveCfg = Debug|Any CPU
		{8D299554-DF4A-4DC7-8536-6B896B055ABD}.Debug|Any CPU.Build.0 = Debug|Any CPU
		{8D299554-DF4A-4DC7-8536-6B896B055ABD}.Release|Any CPU.ActiveCfg = Release|Any CPU
		{8D299554-DF4A-4DC7-8536-6B896B055ABD}.Release|Any CPU.Build.0 = Release|Any CPU
		{C89DB7C5-161A-4096-A0FC-FB28A740CCB1}.Debug|Any CPU.ActiveCfg = Debug|Any CPU
		{C89DB7C5-161A-4096-A0FC-FB28A740CCB1}.Debug|Any CPU.Build.0 = Debug|Any CPU
		{C89DB7C5-161A-4096-A0FC-FB28A740CCB1}.Release|Any CPU.ActiveCfg = Release|Any CPU
		{C89DB7C5-161A-4096-A0FC-FB28A740CCB1}.Release|Any CPU.Build.0 = Release|Any CPU
		{783AC8FB-3EFA-4A69-9845-CEDB58F8DA1A}.Debug|Any CPU.ActiveCfg = Debug|Any CPU
		{783AC8FB-3EFA-4A69-9845-CEDB58F8DA1A}.Debug|Any CPU.Build.0 = Debug|Any CPU
		{783AC8FB-3EFA-4A69-9845-CEDB58F8DA1A}.Release|Any CPU.ActiveCfg = Release|Any CPU
		{783AC8FB-3EFA-4A69-9845-CEDB58F8DA1A}.Release|Any CPU.Build.0 = Release|Any CPU
		{14E7DAD9-C158-406E-B7A9-01CECB537AE6}.Debug|Any CPU.ActiveCfg = Debug|Any CPU
		{14E7DAD9-C158-406E-B7A9-01CECB537AE6}.Debug|Any CPU.Build.0 = Debug|Any CPU
		{14E7DAD9-C158-406E-B7A9-01CECB537AE6}.Release|Any CPU.ActiveCfg = Release|Any CPU
		{14E7DAD9-C158-406E-B7A9-01CECB537AE6}.Release|Any CPU.Build.0 = Release|Any CPU
		{2640F59C-7A06-4F61-AF9F-CB6461C33B9A}.Debug|Any CPU.ActiveCfg = Debug|Any CPU
		{2640F59C-7A06-4F61-AF9F-CB6461C33B9A}.Debug|Any CPU.Build.0 = Debug|Any CPU
		{2640F59C-7A06-4F61-AF9F-CB6461C33B9A}.Release|Any CPU.ActiveCfg = Release|Any CPU
		{2640F59C-7A06-4F61-AF9F-CB6461C33B9A}.Release|Any CPU.Build.0 = Release|Any CPU
		{B5F670CA-078F-4760-B7CA-A0466D3267CC}.Debug|Any CPU.ActiveCfg = Debug|Any CPU
		{B5F670CA-078F-4760-B7CA-A0466D3267CC}.Debug|Any CPU.Build.0 = Debug|Any CPU
		{B5F670CA-078F-4760-B7CA-A0466D3267CC}.Release|Any CPU.ActiveCfg = Release|Any CPU
		{B5F670CA-078F-4760-B7CA-A0466D3267CC}.Release|Any CPU.Build.0 = Release|Any CPU
		{11DE5FC0-CE56-46BF-9BBA-E26AE9C7AFF3}.Debug|Any CPU.ActiveCfg = Debug|Any CPU
		{11DE5FC0-CE56-46BF-9BBA-E26AE9C7AFF3}.Debug|Any CPU.Build.0 = Debug|Any CPU
		{11DE5FC0-CE56-46BF-9BBA-E26AE9C7AFF3}.Release|Any CPU.ActiveCfg = Release|Any CPU
		{11DE5FC0-CE56-46BF-9BBA-E26AE9C7AFF3}.Release|Any CPU.Build.0 = Release|Any CPU
		{119253B9-2B94-40CE-8F7D-86AE27C713E7}.Debug|Any CPU.ActiveCfg = Debug|Any CPU
		{119253B9-2B94-40CE-8F7D-86AE27C713E7}.Debug|Any CPU.Build.0 = Debug|Any CPU
		{119253B9-2B94-40CE-8F7D-86AE27C713E7}.Release|Any CPU.ActiveCfg = Release|Any CPU
		{119253B9-2B94-40CE-8F7D-86AE27C713E7}.Release|Any CPU.Build.0 = Release|Any CPU
		{77A837D7-A7FD-45A4-9F92-19F05FCE82AA}.Debug|Any CPU.ActiveCfg = Debug|Any CPU
		{77A837D7-A7FD-45A4-9F92-19F05FCE82AA}.Debug|Any CPU.Build.0 = Debug|Any CPU
		{77A837D7-A7FD-45A4-9F92-19F05FCE82AA}.Release|Any CPU.ActiveCfg = Release|Any CPU
		{77A837D7-A7FD-45A4-9F92-19F05FCE82AA}.Release|Any CPU.Build.0 = Release|Any CPU
		{953FFB93-99A2-4184-866D-7268F625DC4E}.Debug|Any CPU.ActiveCfg = Debug|Any CPU
		{953FFB93-99A2-4184-866D-7268F625DC4E}.Debug|Any CPU.Build.0 = Debug|Any CPU
		{953FFB93-99A2-4184-866D-7268F625DC4E}.Release|Any CPU.ActiveCfg = Release|Any CPU
		{953FFB93-99A2-4184-866D-7268F625DC4E}.Release|Any CPU.Build.0 = Release|Any CPU
		{DC7EF115-F2AF-4351-9FFA-0350844CE503}.Debug|Any CPU.ActiveCfg = Debug|Any CPU
		{DC7EF115-F2AF-4351-9FFA-0350844CE503}.Debug|Any CPU.Build.0 = Debug|Any CPU
		{DC7EF115-F2AF-4351-9FFA-0350844CE503}.Release|Any CPU.ActiveCfg = Release|Any CPU
		{DC7EF115-F2AF-4351-9FFA-0350844CE503}.Release|Any CPU.Build.0 = Release|Any CPU
		{5C2B4B5C-E448-45CC-A35C-AD3D320899D1}.Debug|Any CPU.ActiveCfg = Debug|Any CPU
		{5C2B4B5C-E448-45CC-A35C-AD3D320899D1}.Debug|Any CPU.Build.0 = Debug|Any CPU
		{5C2B4B5C-E448-45CC-A35C-AD3D320899D1}.Release|Any CPU.ActiveCfg = Release|Any CPU
		{5C2B4B5C-E448-45CC-A35C-AD3D320899D1}.Release|Any CPU.Build.0 = Release|Any CPU
		{44B90AC9-D1DD-466B-8EA2-897C83666FF9}.Debug|Any CPU.ActiveCfg = Debug|Any CPU
		{44B90AC9-D1DD-466B-8EA2-897C83666FF9}.Debug|Any CPU.Build.0 = Debug|Any CPU
		{44B90AC9-D1DD-466B-8EA2-897C83666FF9}.Release|Any CPU.ActiveCfg = Release|Any CPU
		{44B90AC9-D1DD-466B-8EA2-897C83666FF9}.Release|Any CPU.Build.0 = Release|Any CPU
		{FE597824-B1B9-40B2-9C43-22867694AC8A}.Debug|Any CPU.ActiveCfg = Debug|Any CPU
		{FE597824-B1B9-40B2-9C43-22867694AC8A}.Debug|Any CPU.Build.0 = Debug|Any CPU
		{FE597824-B1B9-40B2-9C43-22867694AC8A}.Release|Any CPU.ActiveCfg = Release|Any CPU
		{FE597824-B1B9-40B2-9C43-22867694AC8A}.Release|Any CPU.Build.0 = Release|Any CPU
		{FC00F881-4B1F-4C8F-A4A1-3F65F4127C7A}.Debug|Any CPU.ActiveCfg = Debug|Any CPU
		{FC00F881-4B1F-4C8F-A4A1-3F65F4127C7A}.Debug|Any CPU.Build.0 = Debug|Any CPU
		{FC00F881-4B1F-4C8F-A4A1-3F65F4127C7A}.Release|Any CPU.ActiveCfg = Release|Any CPU
		{FC00F881-4B1F-4C8F-A4A1-3F65F4127C7A}.Release|Any CPU.Build.0 = Release|Any CPU
		{1F728D5E-8D07-48B5-8BF5-24578DF58EEB}.Debug|Any CPU.ActiveCfg = Debug|Any CPU
		{1F728D5E-8D07-48B5-8BF5-24578DF58EEB}.Debug|Any CPU.Build.0 = Debug|Any CPU
		{1F728D5E-8D07-48B5-8BF5-24578DF58EEB}.Release|Any CPU.ActiveCfg = Release|Any CPU
		{1F728D5E-8D07-48B5-8BF5-24578DF58EEB}.Release|Any CPU.Build.0 = Release|Any CPU
		{0D7803C5-C739-45E8-AFD0-EEDF931708BD}.Debug|Any CPU.ActiveCfg = Debug|Any CPU
		{0D7803C5-C739-45E8-AFD0-EEDF931708BD}.Debug|Any CPU.Build.0 = Debug|Any CPU
		{0D7803C5-C739-45E8-AFD0-EEDF931708BD}.Release|Any CPU.ActiveCfg = Release|Any CPU
		{0D7803C5-C739-45E8-AFD0-EEDF931708BD}.Release|Any CPU.Build.0 = Release|Any CPU
		{71FD4103-216D-4B0D-9B09-4555773C8313}.Debug|Any CPU.ActiveCfg = Debug|Any CPU
		{71FD4103-216D-4B0D-9B09-4555773C8313}.Debug|Any CPU.Build.0 = Debug|Any CPU
		{71FD4103-216D-4B0D-9B09-4555773C8313}.Release|Any CPU.ActiveCfg = Release|Any CPU
		{71FD4103-216D-4B0D-9B09-4555773C8313}.Release|Any CPU.Build.0 = Release|Any CPU
		{174F06FF-A0CC-4580-BDD3-142A8E44C403}.Debug|Any CPU.ActiveCfg = Debug|Any CPU
		{174F06FF-A0CC-4580-BDD3-142A8E44C403}.Debug|Any CPU.Build.0 = Debug|Any CPU
		{174F06FF-A0CC-4580-BDD3-142A8E44C403}.Release|Any CPU.ActiveCfg = Release|Any CPU
		{174F06FF-A0CC-4580-BDD3-142A8E44C403}.Release|Any CPU.Build.0 = Release|Any CPU
		{F7DECAC9-FD83-4C37-9E12-BB097301BA32}.Debug|Any CPU.ActiveCfg = Debug|Any CPU
		{F7DECAC9-FD83-4C37-9E12-BB097301BA32}.Debug|Any CPU.Build.0 = Debug|Any CPU
		{F7DECAC9-FD83-4C37-9E12-BB097301BA32}.Release|Any CPU.ActiveCfg = Release|Any CPU
		{F7DECAC9-FD83-4C37-9E12-BB097301BA32}.Release|Any CPU.Build.0 = Release|Any CPU
		{E52EA5FB-798D-476B-8BDC-A6FFA68C5A5A}.Debug|Any CPU.ActiveCfg = Debug|Any CPU
		{E52EA5FB-798D-476B-8BDC-A6FFA68C5A5A}.Debug|Any CPU.Build.0 = Debug|Any CPU
		{E52EA5FB-798D-476B-8BDC-A6FFA68C5A5A}.Release|Any CPU.ActiveCfg = Release|Any CPU
		{E52EA5FB-798D-476B-8BDC-A6FFA68C5A5A}.Release|Any CPU.Build.0 = Release|Any CPU
		{96E46A3D-4FAA-4BB2-9457-F056DF66D1FA}.Debug|Any CPU.ActiveCfg = Debug|Any CPU
		{96E46A3D-4FAA-4BB2-9457-F056DF66D1FA}.Debug|Any CPU.Build.0 = Debug|Any CPU
		{96E46A3D-4FAA-4BB2-9457-F056DF66D1FA}.Release|Any CPU.ActiveCfg = Release|Any CPU
		{96E46A3D-4FAA-4BB2-9457-F056DF66D1FA}.Release|Any CPU.Build.0 = Release|Any CPU
		{7D625EED-58A8-4A14-897E-C0854849800A}.Debug|Any CPU.ActiveCfg = Debug|Any CPU
		{7D625EED-58A8-4A14-897E-C0854849800A}.Debug|Any CPU.Build.0 = Debug|Any CPU
		{7D625EED-58A8-4A14-897E-C0854849800A}.Release|Any CPU.ActiveCfg = Release|Any CPU
		{7D625EED-58A8-4A14-897E-C0854849800A}.Release|Any CPU.Build.0 = Release|Any CPU
		{B70B4D7B-7C87-4029-84CD-235AE1D9F9AD}.Debug|Any CPU.ActiveCfg = Debug|Any CPU
		{B70B4D7B-7C87-4029-84CD-235AE1D9F9AD}.Debug|Any CPU.Build.0 = Debug|Any CPU
		{B70B4D7B-7C87-4029-84CD-235AE1D9F9AD}.Release|Any CPU.ActiveCfg = Release|Any CPU
		{B70B4D7B-7C87-4029-84CD-235AE1D9F9AD}.Release|Any CPU.Build.0 = Release|Any CPU
	EndGlobalSection
	GlobalSection(SolutionProperties) = preSolution
		HideSolutionNode = FALSE
	EndGlobalSection
	GlobalSection(NestedProjects) = preSolution
		{01B24A0E-1188-420D-9A92-933521ABAFD1} = {3B38F874-C8F7-49F3-B115-1FD6D3A257C9}
		{6F06D842-3210-4192-A6EF-671A090F1FA1} = {3B38F874-C8F7-49F3-B115-1FD6D3A257C9}
		{6FE1B89A-10CE-407A-9346-8928E6B389D5} = {6F06D842-3210-4192-A6EF-671A090F1FA1}
		{ADAABE9B-D3EB-4544-A20F-32BD84CAE7AB} = {39F8E4B5-942C-4307-94C6-6B5EB9960B74}
		{B4E07352-2FE5-47FF-9653-84239DED03E4} = {D4E1B515-7902-4136-A706-60F7A5BAC99D}
		{7DAA9076-4349-4B94-B61D-83F15EA9C8CB} = {D4E1B515-7902-4136-A706-60F7A5BAC99D}
		{DCFA0940-AE31-48AD-AC52-DA856E0675F3} = {D4E1B515-7902-4136-A706-60F7A5BAC99D}
		{D4F8F196-4FEC-4E02-9CCA-65148F4BA7C5} = {D4E1B515-7902-4136-A706-60F7A5BAC99D}
		{CDDBC2AB-BD34-49F6-AAA5-C7A752036119} = {D4E1B515-7902-4136-A706-60F7A5BAC99D}
		{EF6ADD11-6838-474D-B5E7-45C4037E1863} = {D4E1B515-7902-4136-A706-60F7A5BAC99D}
		{8D299554-DF4A-4DC7-8536-6B896B055ABD} = {47EE3E11-1987-481E-BEFD-67B813B1F401}
		{C89DB7C5-161A-4096-A0FC-FB28A740CCB1} = {D4E1B515-7902-4136-A706-60F7A5BAC99D}
		{783AC8FB-3EFA-4A69-9845-CEDB58F8DA1A} = {D4E1B515-7902-4136-A706-60F7A5BAC99D}
		{14E7DAD9-C158-406E-B7A9-01CECB537AE6} = {D4E1B515-7902-4136-A706-60F7A5BAC99D}
		{2640F59C-7A06-4F61-AF9F-CB6461C33B9A} = {D4E1B515-7902-4136-A706-60F7A5BAC99D}
		{02EA681E-C7D8-13C7-8484-4AC65E1B71E8} = {01B24A0E-1188-420D-9A92-933521ABAFD1}
		{D4E1B515-7902-4136-A706-60F7A5BAC99D} = {01B24A0E-1188-420D-9A92-933521ABAFD1}
		{B5F670CA-078F-4760-B7CA-A0466D3267CC} = {D4E1B515-7902-4136-A706-60F7A5BAC99D}
		{11DE5FC0-CE56-46BF-9BBA-E26AE9C7AFF3} = {D4E1B515-7902-4136-A706-60F7A5BAC99D}
		{47EE3E11-1987-481E-BEFD-67B813B1F401} = {6F06D842-3210-4192-A6EF-671A090F1FA1}
		{119253B9-2B94-40CE-8F7D-86AE27C713E7} = {D4E1B515-7902-4136-A706-60F7A5BAC99D}
		{77A837D7-A7FD-45A4-9F92-19F05FCE82AA} = {D4E1B515-7902-4136-A706-60F7A5BAC99D}
		{953FFB93-99A2-4184-866D-7268F625DC4E} = {6FE1B89A-10CE-407A-9346-8928E6B389D5}
		{DC7EF115-F2AF-4351-9FFA-0350844CE503} = {D4E1B515-7902-4136-A706-60F7A5BAC99D}
		{5C2B4B5C-E448-45CC-A35C-AD3D320899D1} = {6FE1B89A-10CE-407A-9346-8928E6B389D5}
		{44B90AC9-D1DD-466B-8EA2-897C83666FF9} = {6FE1B89A-10CE-407A-9346-8928E6B389D5}
		{FE597824-B1B9-40B2-9C43-22867694AC8A} = {6FE1B89A-10CE-407A-9346-8928E6B389D5}
		{FC00F881-4B1F-4C8F-A4A1-3F65F4127C7A} = {6FE1B89A-10CE-407A-9346-8928E6B389D5}
		{1F728D5E-8D07-48B5-8BF5-24578DF58EEB} = {02EA681E-C7D8-13C7-8484-4AC65E1B71E8}
		{0D7803C5-C739-45E8-AFD0-EEDF931708BD} = {02EA681E-C7D8-13C7-8484-4AC65E1B71E8}
		{71FD4103-216D-4B0D-9B09-4555773C8313} = {D4E1B515-7902-4136-A706-60F7A5BAC99D}
		{174F06FF-A0CC-4580-BDD3-142A8E44C403} = {02EA681E-C7D8-13C7-8484-4AC65E1B71E8}
		{F7DECAC9-FD83-4C37-9E12-BB097301BA32} = {02EA681E-C7D8-13C7-8484-4AC65E1B71E8}
		{E52EA5FB-798D-476B-8BDC-A6FFA68C5A5A} = {6FE1B89A-10CE-407A-9346-8928E6B389D5}
		{D2122D8A-5BD5-4D15-9937-C2293E39232D} = {01B24A0E-1188-420D-9A92-933521ABAFD1}
		{1ECF493A-B339-4F6D-B706-150DF907C2FE} = {6F06D842-3210-4192-A6EF-671A090F1FA1}
		{96E46A3D-4FAA-4BB2-9457-F056DF66D1FA} = {1ECF493A-B339-4F6D-B706-150DF907C2FE}
		{7D625EED-58A8-4A14-897E-C0854849800A} = {1ECF493A-B339-4F6D-B706-150DF907C2FE}
		{B70B4D7B-7C87-4029-84CD-235AE1D9F9AD} = {47EE3E11-1987-481E-BEFD-67B813B1F401}
	EndGlobalSection
	GlobalSection(ExtensibilityGlobals) = postSolution
		SolutionGuid = {CDC6991E-5F9B-4A06-999B-262375729306}
	EndGlobalSection
	GlobalSection(SharedMSBuildProjectFiles) = preSolution
		RamuneLib\RamuneLib.projitems*{0d7803c5-c739-45e8-afd0-eedf931708bd}*SharedItemsImports = 4
		RamuneLib\RamuneLib.projitems*{119253b9-2b94-40ce-8f7d-86ae27c713e7}*SharedItemsImports = 4
		RamuneLib\RamuneLib.projitems*{11de5fc0-ce56-46bf-9bba-e26ae9c7aff3}*SharedItemsImports = 4
		RamuneLib\RamuneLib.projitems*{14e7dad9-c158-406e-b7a9-01cecb537ae6}*SharedItemsImports = 4
		RamuneLib\RamuneLib.projitems*{174f06ff-a0cc-4580-bdd3-142a8e44c403}*SharedItemsImports = 4
		RamuneLib\RamuneLib.projitems*{1f728d5e-8d07-48b5-8bf5-24578df58eeb}*SharedItemsImports = 4
		RamuneLib\RamuneLib.projitems*{2640f59c-7a06-4f61-af9f-cb6461c33b9a}*SharedItemsImports = 4
		RamuneLib\RamuneLib.projitems*{44b90ac9-d1dd-466b-8ea2-897c83666ff9}*SharedItemsImports = 4
		RamuneLib\RamuneLib.projitems*{5c2b4b5c-e448-45cc-a35c-ad3d320899d1}*SharedItemsImports = 4
		RamuneLib\RamuneLib.projitems*{71fd4103-216d-4b0d-9b09-4555773c8313}*SharedItemsImports = 4
		RamuneLib\RamuneLib.projitems*{77a837d7-a7fd-45a4-9f92-19f05fce82aa}*SharedItemsImports = 4
		RamuneLib\RamuneLib.projitems*{783ac8fb-3efa-4a69-9845-cedb58f8da1a}*SharedItemsImports = 4
		RamuneLib\RamuneLib.projitems*{7d625eed-58a8-4a14-897e-c0854849800a}*SharedItemsImports = 4
		RamuneLib\RamuneLib.projitems*{7daa9076-4349-4b94-b61d-83f15ea9c8cb}*SharedItemsImports = 4
		RamuneLib\RamuneLib.projitems*{8d299554-df4a-4dc7-8536-6b896b055abd}*SharedItemsImports = 4
		RamuneLib\RamuneLib.projitems*{953ffb93-99a2-4184-866d-7268f625dc4e}*SharedItemsImports = 4
		RamuneLib\RamuneLib.projitems*{96e46a3d-4faa-4bb2-9457-f056df66d1fa}*SharedItemsImports = 4
		RamuneLib\RamuneLib.projitems*{adaabe9b-d3eb-4544-a20f-32bd84cae7ab}*SharedItemsImports = 13
		RamuneLib\RamuneLib.projitems*{b4e07352-2fe5-47ff-9653-84239ded03e4}*SharedItemsImports = 4
		RamuneLib\RamuneLib.projitems*{b5f670ca-078f-4760-b7ca-a0466d3267cc}*SharedItemsImports = 4
		RamuneLib\RamuneLib.projitems*{b70b4d7b-7c87-4029-84cd-235ae1d9f9ad}*SharedItemsImports = 4
		RamuneLib\RamuneLib.projitems*{c89db7c5-161a-4096-a0fc-fb28a740ccb1}*SharedItemsImports = 4
		RamuneLib\RamuneLib.projitems*{cddbc2ab-bd34-49f6-aaa5-c7a752036119}*SharedItemsImports = 4
		RamuneLib\RamuneLib.projitems*{d4f8f196-4fec-4e02-9cca-65148f4ba7c5}*SharedItemsImports = 4
		RamuneLib\RamuneLib.projitems*{dc7ef115-f2af-4351-9ffa-0350844ce503}*SharedItemsImports = 4
		RamuneLib\RamuneLib.projitems*{dcfa0940-ae31-48ad-ac52-da856e0675f3}*SharedItemsImports = 4
		RamuneLib\RamuneLib.projitems*{e52ea5fb-798d-476b-8bdc-a6ffa68c5a5a}*SharedItemsImports = 4
		RamuneLib\RamuneLib.projitems*{ef6add11-6838-474d-b5e7-45c4037e1863}*SharedItemsImports = 4
		RamuneLib\RamuneLib.projitems*{f7decac9-fd83-4c37-9e12-bb097301ba32}*SharedItemsImports = 4
		RamuneLib\RamuneLib.projitems*{fc00f881-4b1f-4c8f-a4a1-3f65f4127c7a}*SharedItemsImports = 4
		RamuneLib\RamuneLib.projitems*{fe597824-b1b9-40b2-9c43-22867694ac8a}*SharedItemsImports = 4
	EndGlobalSection
EndGlobal
